{
  "name": "SSL Project",
  "lockfileVersion": 2,
  "requires": true,
  "packages": {
    "": {
      "dependencies": {
        "bootstrap-icons": "^1.7.0"
      }
    },
    "node_modules/bootstrap-icons": {
      "version": "1.7.0",
      "resolved": "https://registry.npmjs.org/bootstrap-icons/-/bootstrap-icons-1.7.0.tgz",
      "integrity": "sha512-x2ORQ3lv1QdSnIzzQdU8mf83fbCq4FIaUinrAWw+a/d186vO3Ph7qUfqzvQDBA41AD6IoxdRHD6zUt9IXC1J6A==",
      "engines": {
        "node": ">=10"
      }
    }
  },
  "dependencies": {
    "bootstrap-icons": {
      "version": "1.7.0",
      "resolved": "https://registry.npmjs.org/bootstrap-icons/-/bootstrap-icons-1.7.0.tgz",
      "integrity": "sha512-x2ORQ3lv1QdSnIzzQdU8mf83fbCq4FIaUinrAWw+a/d186vO3Ph7qUfqzvQDBA41AD6IoxdRHD6zUt9IXC1J6A=="
    }
  }
}
